# This file is autogenerated, do not edit; changes may be undone by the next 'dep ensure'.


[[projects]]
  branch = "master"
  digest = "1:8686d6597aed6179c4be0c41e3e1bf115c36725904c62166dd42c641ab42fc18"
  name = "bitbucket.org/aj5110/tpo-lp4"
  packages = [
    "api/container",
    "api/entities",
    "api/handlers/auth",
    "api/handlers/calendar",
    "api/handlers/event",
    "api/handlers/timetable",
    "api/handlers/todo",
    "api/helpers",
    "api/middleware",
    "api/repositories",
    "api/routes",
    "api/services",
  ]
  pruneopts = ""
  revision = "acbeac0fb63180d80990fc51ddcde0c600ec8912"

[[projects]]
  branch = "master"
  digest = "1:bfe8e85574f99aca511b8aa2edfeb3ba3dd2abab67d6361212a7098534ebb734"
  name = "github.com/dgrijalva/jwt-go"
  packages = ["."]
  pruneopts = ""
  revision = "8a74229d8326443a1759ccb5d6cb5932c4fc715f"

[[projects]]
  branch = "master"
  digest = "1:ec5262e6c65f9fcedc01d7789ee4e18ad429dde822cfd50e57e3fd77c4d70c73"
  name = "github.com/gorilla/mux"
  packages = ["."]
  pruneopts = ""
  revision = "ed099d42384823742bba0bf9a72b53b55c9e2e38"

[[projects]]
  digest = "1:0f51cee70b0d254dbc93c22666ea2abf211af81c1701a96d04e2284b408621db"
  name = "github.com/konsorten/go-windows-terminal-sequences"
  packages = ["."]
  pruneopts = ""
  revision = "f55edac94c9bbba5d6182a4be46d86a2c9b5b50e"
  version = "v1.0.2"

[[projects]]
  branch = "master"
  digest = "1:daccaad2806ada9480aca67b2ba85e8e64912ce744ea822e8ae95edfe8d7df62"
  name = "github.com/sirupsen/logrus"
  packages = ["."]
  pruneopts = ""
  revision = "2a22dbedbad1fd454910cd1f44f210ef90c28464"

[[projects]]
  branch = "master"
  digest = "1:5b3e9450868bcf9ecbca2b01ac04f142255b5744d89ec97e1ceedf57d4522645"
  name = "golang.org/x/crypto"
  packages = [
    "bcrypt",
    "blowfish",
  ]
  pruneopts = ""
  revision = "22d7a77e9e5f409e934ed268692e56707cd169e5"

[[projects]]
  branch = "master"
  digest = "1:d7c924fb2d7ac8688f0673ffa4c5ac8b5514e9d79d3fb2987cd7f67cffaa8fbc"
  name = "golang.org/x/sys"
  packages = ["unix"]
  pruneopts = ""
  revision = "5219a1e1c5f8dfaadf9d314b1289417a73674973"

[[projects]]
  branch = "v2"
  digest = "1:f54ba71a035aac92ced3e902d2bff3734a15d1891daff73ec0f90ef236750139"
  name = "gopkg.in/mgo.v2"
  packages = [
    ".",
    "bson",
    "internal/json",
    "internal/sasl",
    "internal/scram",
  ]
  pruneopts = ""
  revision = "9856a29383ce1c59f308dd1cf0363a79b5bef6b5"

[solve-meta]
  analyzer-name = "dep"
  analyzer-version = 1
  input-imports = [
    "bitbucket.org/aj5110/tpo-lp4/api/container",
    "bitbucket.org/aj5110/tpo-lp4/api/entities",
    "bitbucket.org/aj5110/tpo-lp4/api/handlers/auth",
    "bitbucket.org/aj5110/tpo-lp4/api/handlers/calendar",
    "bitbucket.org/aj5110/tpo-lp4/api/handlers/event",
    "bitbucket.org/aj5110/tpo-lp4/api/handlers/timetable",
    "bitbucket.org/aj5110/tpo-lp4/api/handlers/todo",
    "bitbucket.org/aj5110/tpo-lp4/api/helpers",
    "bitbucket.org/aj5110/tpo-lp4/api/middleware",
    "bitbucket.org/aj5110/tpo-lp4/api/repositories",
    "bitbucket.org/aj5110/tpo-lp4/api/routes",
    "bitbucket.org/aj5110/tpo-lp4/api/services",
    "github.com/dgrijalva/jwt-go",
    "github.com/gorilla/mux",
    "github.com/sirupsen/logrus",
    "golang.org/x/crypto/bcrypt",
    "gopkg.in/mgo.v2",
    "gopkg.in/mgo.v2/bson",
  ]
  solver-name = "gps-cdcl"
  solver-version = 1
